// !$*UTF8*$!
{
	archiveVersion = 1;
	classes = {
	};
	objectVersion = 46;
	objects = {

/* Begin PBXBuildFile section */
		5C5A9F5517AD7BF300CE3D4B /* Cocoa.framework in Frameworks */ = {isa = PBXBuildFile; fileRef = 5C5A9F5417AD7BF300CE3D4B /* Cocoa.framework */; };
		5C5A9F5F17AD7BF400CE3D4B /* InfoPlist.strings in Resources */ = {isa = PBXBuildFile; fileRef = 5C5A9F5D17AD7BF400CE3D4B /* InfoPlist.strings */; };
		5C5A9F6117AD7BF400CE3D4B /* main.m in Sources */ = {isa = PBXBuildFile; fileRef = 5C5A9F6017AD7BF400CE3D4B /* main.m */; };
		5C5A9F6517AD7BF400CE3D4B /* Credits.rtf in Resources */ = {isa = PBXBuildFile; fileRef = 5C5A9F6317AD7BF400CE3D4B /* Credits.rtf */; };
		5C5A9F6817AD7BF400CE3D4B /* AppDelegate.m in Sources */ = {isa = PBXBuildFile; fileRef = 5C5A9F6717AD7BF400CE3D4B /* AppDelegate.m */; };
		5C5A9F6B17AD7BF400CE3D4B /* MainMenu.xib in Resources */ = {isa = PBXBuildFile; fileRef = 5C5A9F6917AD7BF400CE3D4B /* MainMenu.xib */; };
/* End PBXBuildFile section */

/* Begin PBXFileReference section */
		5C5A9F5017AD7BF300CE3D4B /* wooka.app */ = {isa = PBXFileReference; explicitFileType = wrapper.application; includeInIndex = 0; path = wooka.app; sourceTree = BUILT_PRODUCTS_DIR; };
		5C5A9F5417AD7BF300CE3D4B /* Cocoa.framework */ = {isa = PBXFileReference; lastKnownFileType = wrapper.framework; name = Cocoa.framework; path = System/Library/Frameworks/Cocoa.framework; sourceTree = SDKROOT; };
		5C5A9F5717AD7BF300CE3D4B /* AppKit.framework */ = {isa = PBXFileReference; lastKnownFileType = wrapper.framework; name = AppKit.framework; path = System/Library/Frameworks/AppKit.framework; sourceTree = SDKROOT; };
		5C5A9F5817AD7BF300CE3D4B /* CoreData.framework */ = {isa = PBXFileReference; lastKnownFileType = wrapper.framework; name = CoreData.framework; path = System/Library/Frameworks/CoreData.framework; sourceTree = SDKROOT; };
		5C5A9F5917AD7BF300CE3D4B /* Foundation.framework */ = {isa = PBXFileReference; lastKnownFileType = wrapper.framework; name = Foundation.framework; path = System/Library/Frameworks/Foundation.framework; sourceTree = SDKROOT; };
		5C5A9F5C17AD7BF300CE3D4B /* wooka-Info.plist */ = {isa = PBXFileReference; path = "wooka-Info.plist"; sourceTree = "<group>"; };
		5C5A9F5E17AD7BF400CE3D4B /* en */ = {isa = PBXFileReference; lastKnownFileType = text.plist.strings; name = en; path = en.lproj/InfoPlist.strings; sourceTree = "<group>"; };
		5C5A9F6017AD7BF400CE3D4B /* main.m */ = {isa = PBXFileReference; lastKnownFileType = sourcecode.c.objc; path = main.m; sourceTree = "<group>"; };
		5C5A9F6217AD7BF400CE3D4B /* wooka-Prefix.pch */ = {isa = PBXFileReference; path = "wooka-Prefix.pch"; sourceTree = "<group>"; };
		5C5A9F6417AD7BF400CE3D4B /* en */ = {isa = PBXFileReference; lastKnownFileType = text.rtf; name = en; path = en.lproj/Credits.rtf; sourceTree = "<group>"; };
		5C5A9F6617AD7BF400CE3D4B /* AppDelegate.h */ = {isa = PBXFileReference; path = AppDelegate.h; sourceTree = "<group>"; };
		5C5A9F6717AD7BF400CE3D4B /* AppDelegate.m */ = {isa = PBXFileReference; lastKnownFileType = sourcecode.c.objc; path = AppDelegate.m; sourceTree = "<group>"; };
		5C5A9F6A17AD7BF400CE3D4B /* en */ = {isa = PBXFileReference; lastKnownFileType = file.xib; name = en; path = en.lproj/MainMenu.xib; sourceTree = "<group>"; };
/* End PBXFileReference section */

/* Begin PBXFrameworksBuildPhase section */
		5C5A9F4D17AD7BF300CE3D4B /* Frameworks */ = {
			isa = PBXFrameworksBuildPhase;
			buildActionMask = 2147483647;
			files = (
				5C5A9F5517AD7BF300CE3D4B /* Cocoa.framework in Frameworks */,
			);
			runOnlyForDeploymentPostprocessing = 0;
		};
/* End PBXFrameworksBuildPhase section */

/* Begin PBXGroup section */
		5C5A9F4517AD7BF300CE3D4B = {
			isa = PBXGroup;
			children = (
				5C5A9F5A17AD7BF300CE3D4B /* wooka */,
				5C5A9F5317AD7BF300CE3D4B /* Frameworks */,
				5C5A9F5117AD7BF300CE3D4B /* Products */,
			);
			sourceTree = "<group>";
		};
		5C5A9F5117AD7BF300CE3D4B /* Products */ = {
			isa = PBXGroup;
			children = (
				5C5A9F5017AD7BF300CE3D4B /* wooka.app */,
			);
			name = Products;
			sourceTree = "<group>";
		};
		5C5A9F5317AD7BF300CE3D4B /* Frameworks */ = {
			isa = PBXGroup;
			children = (
				5C5A9F5417AD7BF300CE3D4B /* Cocoa.framework */,
				5C5A9F5617AD7BF300CE3D4B /* Other Frameworks */,
			);
			name = Frameworks;
			sourceTree = "<group>";
		};
		5C5A9F5617AD7BF300CE3D4B /* Other Frameworks */ = {
			isa = PBXGroup;
			children = (
				5C5A9F5717AD7BF300CE3D4B /* AppKit.framework */,
				5C5A9F5817AD7BF300CE3D4B /* CoreData.framework */,
				5C5A9F5917AD7BF300CE3D4B /* Foundation.framework */,
			);
			name = "Other Frameworks";
			sourceTree = "<group>";
		};
		5C5A9F5A17AD7BF300CE3D4B /* wooka */ = {
			isa = PBXGroup;
			children = (
				5C5A9F6617AD7BF400CE3D4B /* AppDelegate.h */,
				5C5A9F6717AD7BF400CE3D4B /* AppDelegate.m */,
				5C5A9F6917AD7BF400CE3D4B /* MainMenu.xib */,
				5C5A9F5B17AD7BF300CE3D4B /* Supporting Files */,
			);
			path = wooka;
			sourceTree = "<group>";
		};
		5C5A9F5B17AD7BF300CE3D4B /* Supporting Files */ = {
			isa = PBXGroup;
			children = (
				5C5A9F5C17AD7BF300CE3D4B /* wooka-Info.plist */,
				5C5A9F5D17AD7BF400CE3D4B /* InfoPlist.strings */,
				5C5A9F6017AD7BF400CE3D4B /* main.m */,
				5C5A9F6217AD7BF400CE3D4B /* wooka-Prefix.pch */,
				5C5A9F6317AD7BF400CE3D4B /* Credits.rtf */,
			);
			name = "Supporting Files";
			sourceTree = "<group>";
		};
/* End PBXGroup section */

/* Begin PBXNativeTarget section */
		5C5A9F4F17AD7BF300CE3D4B /* wooka */ = {
			isa = PBXNativeTarget;
			buildConfigurationList = 5C5A9F6E17AD7BF400CE3D4B /* Build configuration list for PBXNativeTarget "wooka" */;
			buildPhases = (
				5C5A9F4C17AD7BF300CE3D4B /* Sources */,
				5C5A9F4D17AD7BF300CE3D4B /* Frameworks */,
				5C5A9F4E17AD7BF300CE3D4B /* Resources */,
			);
			buildRules = (
			);
			dependencies = (
			);
			name = wooka;
			productName = wooka;
			productReference = 5C5A9F5017AD7BF300CE3D4B /* wooka.app */;
			productType = "com.apple.product-type.application";
		};
/* End PBXNativeTarget section */

/* Begin PBXProject section */
		5C5A9F4717AD7BF300CE3D4B /* Project object */ = {
			isa = PBXProject;
			attributes = {
				LastUpgradeCheck = 0420;
			};
			buildConfigurationList = 5C5A9F4A17AD7BF300CE3D4B /* Build configuration list for PBXProject "wooka" */;
			compatibilityVersion = "Xcode 3.2";
			developmentRegion = English;
			hasScannedForEncodings = 0;
			knownRegions = (
				en,
			);
			mainGroup = 5C5A9F4517AD7BF300CE3D4B;
			productRefGroup = 5C5A9F5117AD7BF300CE3D4B /* Products */;
			projectDirPath = "";
			projectRoot = "";
			targets = (
				5C5A9F4F17AD7BF300CE3D4B /* wooka */,
			);
		};
/* End PBXProject section */

/* Begin PBXResourcesBuildPhase section */
		5C5A9F4E17AD7BF300CE3D4B /* Resources */ = {
			isa = PBXResourcesBuildPhase;
			buildActionMask = 2147483647;
			files = (
				5C5A9F5F17AD7BF400CE3D4B /* InfoPlist.strings in Resources */,
				5C5A9F6517AD7BF400CE3D4B /* Credits.rtf in Resources */,
				5C5A9F6B17AD7BF400CE3D4B /* MainMenu.xib in Resources */,
			);
			runOnlyForDeploymentPostprocessing = 0;
		};
/* End PBXResourcesBuildPhase section */

/* Begin PBXSourcesBuildPhase section */
		5C5A9F4C17AD7BF300CE3D4B /* Sources */ = {
			isa = PBXSourcesBuildPhase;
			buildActionMask = 2147483647;
			files = (
				5C5A9F6117AD7BF400CE3D4B /* main.m in Sources */,
				5C5A9F6817AD7BF400CE3D4B /* AppDelegate.m in Sources */,
			);
			runOnlyForDeploymentPostprocessing = 0;
		};
/* End PBXSourcesBuildPhase section */

/* Begin PBXVariantGroup section */
		5C5A9F5D17AD7BF400CE3D4B /* InfoPlist.strings */ = {
			isa = PBXVariantGroup;
			children = (
				5C5A9F5E17AD7BF400CE3D4B /* en */,
			);
			name = InfoPlist.strings;
			sourceTree = "<group>";
		};
		5C5A9F6317AD7BF400CE3D4B /* Credits.rtf */ = {
			isa = PBXVariantGroup;
			children = (
				5C5A9F6417AD7BF400CE3D4B /* en */,
			);
			name = Credits.rtf;
			sourceTree = "<group>";
		};
		5C5A9F6917AD7BF400CE3D4B /* MainMenu.xib */ = {
			isa = PBXVariantGroup;
			children = (
				5C5A9F6A17AD7BF400CE3D4B /* en */,
			);
			name = MainMenu.xib;
			sourceTree = "<group>";
		};
/* End PBXVariantGroup section */

/* Begin XCBuildConfiguration section */
		5C5A9F6C17AD7BF400CE3D4B /* Debug */ = {
			isa = XCBuildConfiguration;
			buildSettings = {
				ALWAYS_SEARCH_USER_PATHS = NO;
				ARCHS = "$(ARCHS_STANDARD_64_BIT)";
				COPY_PHASE_STRIP = NO;
				GCC_C_LANGUAGE_STANDARD = gnu99;
				GCC_DYNAMIC_NO_PIC = NO;
				GCC_ENABLE_OBJC_EXCEPTIONS = YES;
				GCC_OPTIMIZATION_LEVEL = 0;
				GCC_PREPROCESSOR_DEFINITIONS = (
					"DEBUG=1",
					"$(inherited)",
				);
				GCC_SYMBOLS_PRIVATE_EXTERN = NO;
				GCC_VERSION = com.apple.compilers.llvm.clang.1_0;
				GCC_WARN_64_TO_32_BIT_CONVERSION = YES;
				GCC_WARN_ABOUT_MISSING_PROTOTYPES = YES;
				GCC_WARN_ABOUT_RETURN_TYPE = YES;
				GCC_WARN_UNUSED_VARIABLE = YES;
				MACOSX_DEPLOYMENT_TARGET = 10.7;
				ONLY_ACTIVE_ARCH = YES;
				SDKROOT = macosx;
			};
			name = Debug;
		};
		5C5A9F6D17AD7BF400CE3D4B /* Release */ = {
			isa = XCBuildConfiguration;
			buildSettings = {
				ALWAYS_SEARCH_USER_PATHS = NO;
				ARCHS = "$(ARCHS_STANDARD_64_BIT)";
				COPY_PHASE_STRIP = YES;
				DEBUG_INFORMATION_FORMAT = "dwarf-with-dsym";
				GCC_C_LANGUAGE_STANDARD = gnu99;
				GCC_ENABLE_OBJC_EXCEPTIONS = YES;
				GCC_VERSION = com.apple.compilers.llvm.clang.1_0;
				GCC_WARN_64_TO_32_BIT_CONVERSION = YES;
				GCC_WARN_ABOUT_MISSING_PROTOTYPES = YES;
				GCC_WARN_ABOUT_RETURN_TYPE = YES;
				GCC_WARN_UNUSED_VARIABLE = YES;
				MACOSX_DEPLOYMENT_TARGET = 10.7;
				SDKROOT = macosx;
			};
			name = Release;
		};
		5C5A9F6F17AD7BF400CE3D4B /* Debug */ = {
			isa = XCBuildConfiguration;
			buildSettings = {
				GCC_PRECOMPILE_PREFIX_HEADER = YES;
				GCC_PREFIX_HEADER = "wooka/wooka-Prefix.pch";
				INFOPLIST_FILE = "wooka/wooka-Info.plist";
				PRODUCT_NAME = "$(TARGET_NAME)";
				WRAPPER_EXTENSION = app;
			};
			name = Debug;
		};
		5C5A9F7017AD7BF400CE3D4B /* Release */ = {
			isa = XCBuildConfiguration;
			buildSettings = {
				GCC_PRECOMPILE_PREFIX_HEADER = YES;
				GCC_PREFIX_HEADER = "wooka/wooka-Prefix.pch";
				INFOPLIST_FILE = "wooka/wooka-Info.plist";
				PRODUCT_NAME = "$(TARGET_NAME)";
				WRAPPER_EXTENSION = app;
			};
			name = Release;
		};
/* End XCBuildConfiguration section */

/* Begin XCConfigurationList section */
		5C5A9F4A17AD7BF300CE3D4B /* Build configuration list for PBXProject "wooka" */ = {
			isa = XCConfigurationList;
			buildConfigurations = (
				5C5A9F6C17AD7BF400CE3D4B /* Debug */,
				5C5A9F6D17AD7BF400CE3D4B /* Release */,
			);
			defaultConfigurationIsVisible = 0;
			defaultConfigurationName = Release;
		};
		5C5A9F6E17AD7BF400CE3D4B /* Build configuration list for PBXNativeTarget "wooka" */ = {
			isa = XCConfigurationList;
			buildConfigurations = (
				5C5A9F6F17AD7BF400CE3D4B /* Debug */,
				5C5A9F7017AD7BF400CE3D4B /* Release */,
			);
			defaultConfigurationIsVisible = 0;
		};
/* End XCConfigurationList section */
	};
	rootObject = 5C5A9F4717AD7BF300CE3D4B /* Project object */;
}
